
Microsoft Visual Studio Solution File, Format Version 9.00
# Visual Studio 2005
Project("{F184B08F-C81C-45F6-A57F-5ABD9991F28F}") = "Maayane", "Maayane\Maayane.vbproj", "{ECDDB836-DD32-449B-9801-E15668F51357}"
EndProject
Project("{54435603-DBB4-11D2-8724-00A0C9A8B90C}") = "MaayaneSETUP", "MaayaneSETUP\MaayaneSETUP.vdproj", "{600C4313-4AD2-4FA1-B2AC-B0880E764808}"
EndProject
Global
	GlobalSection(SolutionConfigurationPlatforms) = preSolution
		Debug|Any CPU = Debug|Any CPU
		Release|Any CPU = Release|Any CPU
	EndGlobalSection
	GlobalSection(ProjectConfigurationPlatforms) = postSolution
		{ECDDB836-DD32-449B-9801-E15668F51357}.Debug|Any CPU.ActiveCfg = Debug|Any CPU
		{ECDDB836-DD32-449B-9801-E15668F51357}.Debug|Any CPU.Build.0 = Debug|Any CPU
		{ECDDB836-DD32-449B-9801-E15668F51357}.Release|Any CPU.ActiveCfg = Release|Any CPU
		{ECDDB836-DD32-449B-9801-E15668F51357}.Release|Any CPU.Build.0 = Release|Any CPU
		{600C4313-4AD2-4FA1-B2AC-B0880E764808}.Debug|Any CPU.ActiveCfg = Debug
		{600C4313-4AD2-4FA1-B2AC-B0880E764808}.Release|Any CPU.ActiveCfg = Release
	EndGlobalSection
	GlobalSection(SolutionProperties) = preSolution
		HideSolutionNode = FALSE
	EndGlobalSection
EndGlobal
